
Microsoft Visual Studio Solution File, Format Version 12.00
# Visual Studio Version 17
VisualStudioVersion = 17.8.34511.84
MinimumVisualStudioVersion = 10.0.40219.1
Project("{FAE04EC0-301F-11D3-BF4B-00C04F79EFBC}") = "Week9Lists", "Week9Lists\Week9Lists.csproj", "{44E1EEA3-86E3-4BF4-B9A5-78B0FCF40898}"
EndProject
Global
	GlobalSection(SolutionConfigurationPlatforms) = preSolution
		Debug|Any CPU = Debug|Any CPU
		Release|Any CPU = Release|Any CPU
	EndGlobalSection
	GlobalSection(ProjectConfigurationPlatforms) = postSolution
		{44E1EEA3-86E3-4BF4-B9A5-78B0FCF40898}.Debug|Any CPU.ActiveCfg = Debug|Any CPU
		{44E1EEA3-86E3-4BF4-B9A5-78B0FCF40898}.Debug|Any CPU.Build.0 = Debug|Any CPU
		{44E1EEA3-86E3-4BF4-B9A5-78B0FCF40898}.Release|Any CPU.ActiveCfg = Release|Any CPU
		{44E1EEA3-86E3-4BF4-B9A5-78B0FCF40898}.Release|Any CPU.Build.0 = Release|Any CPU
	EndGlobalSection
	GlobalSection(SolutionProperties) = preSolution
		HideSolutionNode = FALSE
	EndGlobalSection
	GlobalSection(ExtensibilityGlobals) = postSolution
		SolutionGuid = {5F88B511-27B7-4BD0-97F3-9A2E504BFD6A}
	EndGlobalSection
EndGlobal
